name: Relock Release PR
on:
  pull_request:

permissions:
  contents: read

jobs:
  relock:
    if: startsWith(github.head_ref, 'release-please--')
    runs-on: ubuntu-latest
    steps:
      - uses: actions/checkout@3d3c42e5aac5ba805825da76410c181273ba90b1 # v7
        with:
          ref: ${{ github.event.pull_request.head.ref }}
          repository: ${{ github.event.pull_request.head.repo.full_name }}
          token: ${{ secrets.RELEASE_PLEASE_TOKEN }}
          persist-credentials: true

      - name: Install uv
        uses: astral-sh/setup-uv@20cfd1bf945f4377ade1205e4dbc17946fc9a30d # v10.0.1

      - name: Run uv lock
        run: uv lock

      - name: Commit uv.lock
        env:
          HEAD_REF: ${{ github.event.pull_request.head.ref }}
        run: |
          if git diff --quiet -- uv.lock; then
            echo "uv.lock is up to date"
            exit 0
          fi
          git config user.name "github-actions[bot]"
          git config user.email "41898282+github-actions[bot]@users.noreply.github.com"
          git add uv.lock
          git commit -m "chore: update uv.lock"
          git push origin "HEAD:refs/heads/$HEAD_REF"
